
Microsoft Visual Studio Solution File, Format Version 12.00
# Visual Studio Version 17
VisualStudioVersion = 17.4.33205.214
MinimumVisualStudioVersion = 10.0.40219.1
Project("{2150E333-8FDC-42A3-9474-1A3956D46DE8}") = "Identity", "Identity", "{0A4227A1-14E2-4A29-9AAE-B03FAD18F7F0}"
EndProject
Project("{9A19103F-16F7-4668-BE54-9A1E7A4F7556}") = "Identity.API", "Identity.API\Identity.API.csproj", "{4FFC9C75-AFB4-4F27-B9EE-D7DAEDA25B50}"
EndProject
Project("{2150E333-8FDC-42A3-9474-1A3956D46DE8}") = "Shared", "Shared", "{429C805A-59C2-4D6B-8475-9A96E1A70B7B}"
EndProject
Project("{9A19103F-16F7-4668-BE54-9A1E7A4F7556}") = "Identity.Domain", "Identity.Domain\Identity.Domain.csproj", "{76724801-5301-4F38-B750-7BD5CA9386BB}"
EndProject
Project("{9A19103F-16F7-4668-BE54-9A1E7A4F7556}") = "Identity.Application", "Identity.Application\Identity.Application.csproj", "{342D6417-78E9-4A86-931C-CD0CF22481B7}"
EndProject
Project("{9A19103F-16F7-4668-BE54-9A1E7A4F7556}") = "Identity.Infrastructure", "Identity.Infrastructure\Identity.Infrastructure.csproj", "{DB6922DB-1E27-4F19-AEA4-A13FA631EB5C}"
EndProject
Project("{9A19103F-16F7-4668-BE54-9A1E7A4F7556}") = "Shared", "Shared\Shared.csproj", "{5CB06D48-7BF2-48F4-8E3C-5C5BFE461965}"
EndProject
Project("{E53339B2-1760-4266-BCC7-CA923CBCF16C}") = "docker-compose", "docker-compose.dcproj", "{315D554B-5286-42D2-B4D8-D8BC932062CB}"
EndProject
Project("{2150E333-8FDC-42A3-9474-1A3956D46DE8}") = "Library", "Library", "{932A981E-A7E5-45BE-A03F-4CB5C5E9E6E8}"
EndProject
Project("{FAE04EC0-301F-11D3-BF4B-00C04F79EFBC}") = "Library.Infrastructure", "Library.Infrastructure\Library.Infrastructure.csproj", "{C3C9CEAA-DCED-4586-A980-3BCA10657AE2}"
EndProject
Project("{FAE04EC0-301F-11D3-BF4B-00C04F79EFBC}") = "Library.Application", "Library.Application\Library.Application.csproj", "{251FBDE6-6443-4AC6-AE49-2F2ABD9ABC89}"
EndProject
Project("{FAE04EC0-301F-11D3-BF4B-00C04F79EFBC}") = "Library.Domain", "Library.Domain\Library.Domain.csproj", "{011019D0-1825-48DF-BD1A-6E27AF6D4707}"
EndProject
Project("{FAE04EC0-301F-11D3-BF4B-00C04F79EFBC}") = "Library.API", "Library.API\Library.API.csproj", "{94473F75-3F39-4779-A79A-78150CB8D350}"
EndProject
Global
	GlobalSection(SolutionConfigurationPlatforms) = preSolution
		Debug|Any CPU = Debug|Any CPU
		Release|Any CPU = Release|Any CPU
	EndGlobalSection
	GlobalSection(ProjectConfigurationPlatforms) = postSolution
		{4FFC9C75-AFB4-4F27-B9EE-D7DAEDA25B50}.Debug|Any CPU.ActiveCfg = Debug|Any CPU
		{4FFC9C75-AFB4-4F27-B9EE-D7DAEDA25B50}.Debug|Any CPU.Build.0 = Debug|Any CPU
		{4FFC9C75-AFB4-4F27-B9EE-D7DAEDA25B50}.Debug|Any CPU.Deploy.0 = Debug|Any CPU
		{4FFC9C75-AFB4-4F27-B9EE-D7DAEDA25B50}.Release|Any CPU.ActiveCfg = Release|Any CPU
		{4FFC9C75-AFB4-4F27-B9EE-D7DAEDA25B50}.Release|Any CPU.Build.0 = Release|Any CPU
		{76724801-5301-4F38-B750-7BD5CA9386BB}.Debug|Any CPU.ActiveCfg = Debug|Any CPU
		{76724801-5301-4F38-B750-7BD5CA9386BB}.Debug|Any CPU.Build.0 = Debug|Any CPU
		{76724801-5301-4F38-B750-7BD5CA9386BB}.Release|Any CPU.ActiveCfg = Release|Any CPU
		{76724801-5301-4F38-B750-7BD5CA9386BB}.Release|Any CPU.Build.0 = Release|Any CPU
		{342D6417-78E9-4A86-931C-CD0CF22481B7}.Debug|Any CPU.ActiveCfg = Debug|Any CPU
		{342D6417-78E9-4A86-931C-CD0CF22481B7}.Debug|Any CPU.Build.0 = Debug|Any CPU
		{342D6417-78E9-4A86-931C-CD0CF22481B7}.Release|Any CPU.ActiveCfg = Release|Any CPU
		{342D6417-78E9-4A86-931C-CD0CF22481B7}.Release|Any CPU.Build.0 = Release|Any CPU
		{DB6922DB-1E27-4F19-AEA4-A13FA631EB5C}.Debug|Any CPU.ActiveCfg = Debug|Any CPU
		{DB6922DB-1E27-4F19-AEA4-A13FA631EB5C}.Debug|Any CPU.Build.0 = Debug|Any CPU
		{DB6922DB-1E27-4F19-AEA4-A13FA631EB5C}.Release|Any CPU.ActiveCfg = Release|Any CPU
		{DB6922DB-1E27-4F19-AEA4-A13FA631EB5C}.Release|Any CPU.Build.0 = Release|Any CPU
		{5CB06D48-7BF2-48F4-8E3C-5C5BFE461965}.Debug|Any CPU.ActiveCfg = Debug|Any CPU
		{5CB06D48-7BF2-48F4-8E3C-5C5BFE461965}.Debug|Any CPU.Build.0 = Debug|Any CPU
		{5CB06D48-7BF2-48F4-8E3C-5C5BFE461965}.Release|Any CPU.ActiveCfg = Release|Any CPU
		{5CB06D48-7BF2-48F4-8E3C-5C5BFE461965}.Release|Any CPU.Build.0 = Release|Any CPU
		{315D554B-5286-42D2-B4D8-D8BC932062CB}.Debug|Any CPU.ActiveCfg = Debug|Any CPU
		{315D554B-5286-42D2-B4D8-D8BC932062CB}.Debug|Any CPU.Build.0 = Debug|Any CPU
		{315D554B-5286-42D2-B4D8-D8BC932062CB}.Release|Any CPU.ActiveCfg = Release|Any CPU
		{315D554B-5286-42D2-B4D8-D8BC932062CB}.Release|Any CPU.Build.0 = Release|Any CPU
		{C3C9CEAA-DCED-4586-A980-3BCA10657AE2}.Debug|Any CPU.ActiveCfg = Debug|Any CPU
		{C3C9CEAA-DCED-4586-A980-3BCA10657AE2}.Debug|Any CPU.Build.0 = Debug|Any CPU
		{C3C9CEAA-DCED-4586-A980-3BCA10657AE2}.Release|Any CPU.ActiveCfg = Release|Any CPU
		{C3C9CEAA-DCED-4586-A980-3BCA10657AE2}.Release|Any CPU.Build.0 = Release|Any CPU
		{251FBDE6-6443-4AC6-AE49-2F2ABD9ABC89}.Debug|Any CPU.ActiveCfg = Debug|Any CPU
		{251FBDE6-6443-4AC6-AE49-2F2ABD9ABC89}.Debug|Any CPU.Build.0 = Debug|Any CPU
		{251FBDE6-6443-4AC6-AE49-2F2ABD9ABC89}.Release|Any CPU.ActiveCfg = Release|Any CPU
		{251FBDE6-6443-4AC6-AE49-2F2ABD9ABC89}.Release|Any CPU.Build.0 = Release|Any CPU
		{011019D0-1825-48DF-BD1A-6E27AF6D4707}.Debug|Any CPU.ActiveCfg = Debug|Any CPU
		{011019D0-1825-48DF-BD1A-6E27AF6D4707}.Debug|Any CPU.Build.0 = Debug|Any CPU
		{011019D0-1825-48DF-BD1A-6E27AF6D4707}.Release|Any CPU.ActiveCfg = Release|Any CPU
		{011019D0-1825-48DF-BD1A-6E27AF6D4707}.Release|Any CPU.Build.0 = Release|Any CPU
		{94473F75-3F39-4779-A79A-78150CB8D350}.Debug|Any CPU.ActiveCfg = Debug|Any CPU
		{94473F75-3F39-4779-A79A-78150CB8D350}.Debug|Any CPU.Build.0 = Debug|Any CPU
		{94473F75-3F39-4779-A79A-78150CB8D350}.Release|Any CPU.ActiveCfg = Release|Any CPU
		{94473F75-3F39-4779-A79A-78150CB8D350}.Release|Any CPU.Build.0 = Release|Any CPU
	EndGlobalSection
	GlobalSection(SolutionProperties) = preSolution
		HideSolutionNode = FALSE
	EndGlobalSection
	GlobalSection(NestedProjects) = preSolution
		{4FFC9C75-AFB4-4F27-B9EE-D7DAEDA25B50} = {0A4227A1-14E2-4A29-9AAE-B03FAD18F7F0}
		{76724801-5301-4F38-B750-7BD5CA9386BB} = {0A4227A1-14E2-4A29-9AAE-B03FAD18F7F0}
		{342D6417-78E9-4A86-931C-CD0CF22481B7} = {0A4227A1-14E2-4A29-9AAE-B03FAD18F7F0}
		{DB6922DB-1E27-4F19-AEA4-A13FA631EB5C} = {0A4227A1-14E2-4A29-9AAE-B03FAD18F7F0}
		{5CB06D48-7BF2-48F4-8E3C-5C5BFE461965} = {429C805A-59C2-4D6B-8475-9A96E1A70B7B}
		{C3C9CEAA-DCED-4586-A980-3BCA10657AE2} = {932A981E-A7E5-45BE-A03F-4CB5C5E9E6E8}
		{251FBDE6-6443-4AC6-AE49-2F2ABD9ABC89} = {932A981E-A7E5-45BE-A03F-4CB5C5E9E6E8}
		{011019D0-1825-48DF-BD1A-6E27AF6D4707} = {932A981E-A7E5-45BE-A03F-4CB5C5E9E6E8}
		{94473F75-3F39-4779-A79A-78150CB8D350} = {932A981E-A7E5-45BE-A03F-4CB5C5E9E6E8}
	EndGlobalSection
	GlobalSection(ExtensibilityGlobals) = postSolution
		SolutionGuid = {EB8B3537-571C-446B-95E2-3219DCED489B}
	EndGlobalSection
EndGlobal
